
Microsoft Visual Studio Solution File, Format Version 12.00
# Visual Studio Version 16
VisualStudioVersion = 16.0.29025.244
MinimumVisualStudioVersion = 10.0.40219.1
Project("{FAE04EC0-301F-11D3-BF4B-00C04F79EFBC}") = "WeatherApp", "WeatherApp\WeatherApp.csproj", "{C0E7C67E-B502-4157-9CA0-B8D842161404}"
EndProject
Project("{FAE04EC0-301F-11D3-BF4B-00C04F79EFBC}") = "NotesApp", "NotesApp\NotesApp.csproj", "{68580415-F5DB-4E13-8191-E5AC4F3B30BC}"
EndProject
Global
	GlobalSection(SolutionConfigurationPlatforms) = preSolution
		Debug|Any CPU = Debug|Any CPU
		Release|Any CPU = Release|Any CPU
	EndGlobalSection
	GlobalSection(ProjectConfigurationPlatforms) = postSolution
		{C0E7C67E-B502-4157-9CA0-B8D842161404}.Debug|Any CPU.ActiveCfg = Debug|Any CPU
		{C0E7C67E-B502-4157-9CA0-B8D842161404}.Debug|Any CPU.Build.0 = Debug|Any CPU
		{C0E7C67E-B502-4157-9CA0-B8D842161404}.Release|Any CPU.ActiveCfg = Release|Any CPU
		{C0E7C67E-B502-4157-9CA0-B8D842161404}.Release|Any CPU.Build.0 = Release|Any CPU
		{68580415-F5DB-4E13-8191-E5AC4F3B30BC}.Debug|Any CPU.ActiveCfg = Debug|Any CPU
		{68580415-F5DB-4E13-8191-E5AC4F3B30BC}.Debug|Any CPU.Build.0 = Debug|Any CPU
		{68580415-F5DB-4E13-8191-E5AC4F3B30BC}.Release|Any CPU.ActiveCfg = Release|Any CPU
		{68580415-F5DB-4E13-8191-E5AC4F3B30BC}.Release|Any CPU.Build.0 = Release|Any CPU
	EndGlobalSection
	GlobalSection(SolutionProperties) = preSolution
		HideSolutionNode = FALSE
	EndGlobalSection
	GlobalSection(ExtensibilityGlobals) = postSolution
		SolutionGuid = {C83A1008-ABA3-4E1A-B8CE-8A1FE7A08677}
	EndGlobalSection
EndGlobal
